
Microsoft Visual Studio Solution File, Format Version 12.00
# Visual Studio Version 17
VisualStudioVersion = 17.0.31903.59
MinimumVisualStudioVersion = 10.0.40219.1
Project("{2150E333-8FDC-42A3-9474-1A3956D46DE8}") = "Host", "Host", "{7226ABEA-787E-1D09-10EA-A2ECF996D6A6}"
EndProject
Project("{FAE04EC0-301F-11D3-BF4B-00C04F79EFBC}") = "ReportFlow.ApiHost", "Host\ReportFlow.ApiHost\ReportFlow.ApiHost.csproj", "{759F5C91-E7B0-458E-9001-934D6A65BE67}"
EndProject
Project("{2150E333-8FDC-42A3-9474-1A3956D46DE8}") = "modules", "modules", "{CA253913-39DE-BFD0-C9A3-4B7EC6FBDF17}"
EndProject
Project("{2150E333-8FDC-42A3-9474-1A3956D46DE8}") = "Auth", "Auth", "{CEAC0979-DAB2-0E19-81EF-22AE32770578}"
EndProject
Project("{FAE04EC0-301F-11D3-BF4B-00C04F79EFBC}") = "Auth.Domain", "modules\Auth\Auth.Domain\Auth.Domain.csproj", "{24567BA1-0975-4587-8E8A-27173E436878}"
EndProject
Project("{FAE04EC0-301F-11D3-BF4B-00C04F79EFBC}") = "Auth.Application", "modules\Auth\Auth.Application\Auth.Application.csproj", "{DD92E7FF-0378-4934-B4EF-8E57FFE442E0}"
EndProject
Project("{FAE04EC0-301F-11D3-BF4B-00C04F79EFBC}") = "Auth.Contracts", "modules\Auth\Auth.Contracts\Auth.Contracts.csproj", "{D390A715-68BE-4FDA-BD54-82A93263BE51}"
EndProject
Project("{FAE04EC0-301F-11D3-BF4B-00C04F79EFBC}") = "Auth.Infrastructure", "modules\Auth\Auth.Infrastructure\Auth.Infrastructure.csproj", "{8F35D5D5-0D48-485B-BBFB-1FE45563C5CD}"
EndProject
Project("{2150E333-8FDC-42A3-9474-1A3956D46DE8}") = "shared", "shared", "{4F52FD11-658E-A102-6CD3-7D7C16FFA15B}"
EndProject
Project("{FAE04EC0-301F-11D3-BF4B-00C04F79EFBC}") = "SharedKernel", "shared\SharedKernel\SharedKernel.csproj", "{19E44A4B-BE21-48C6-8581-CB3E469540B8}"
EndProject
Project("{FAE04EC0-301F-11D3-BF4B-00C04F79EFBC}") = "Observability", "shared\Observability\Observability.csproj", "{DEC49F67-3A94-4401-BB91-A3E77AE7EE56}"
EndProject
Global
	GlobalSection(SolutionConfigurationPlatforms) = preSolution
		Debug|Any CPU = Debug|Any CPU
		Debug|x64 = Debug|x64
		Debug|x86 = Debug|x86
		Release|Any CPU = Release|Any CPU
		Release|x64 = Release|x64
		Release|x86 = Release|x86
	EndGlobalSection
	GlobalSection(ProjectConfigurationPlatforms) = postSolution
		{759F5C91-E7B0-458E-9001-934D6A65BE67}.Debug|Any CPU.ActiveCfg = Debug|Any CPU
		{759F5C91-E7B0-458E-9001-934D6A65BE67}.Debug|Any CPU.Build.0 = Debug|Any CPU
		{759F5C91-E7B0-458E-9001-934D6A65BE67}.Debug|x64.ActiveCfg = Debug|Any CPU
		{759F5C91-E7B0-458E-9001-934D6A65BE67}.Debug|x64.Build.0 = Debug|Any CPU
		{759F5C91-E7B0-458E-9001-934D6A65BE67}.Debug|x86.ActiveCfg = Debug|Any CPU
		{759F5C91-E7B0-458E-9001-934D6A65BE67}.Debug|x86.Build.0 = Debug|Any CPU
		{759F5C91-E7B0-458E-9001-934D6A65BE67}.Release|Any CPU.ActiveCfg = Release|Any CPU
		{759F5C91-E7B0-458E-9001-934D6A65BE67}.Release|Any CPU.Build.0 = Release|Any CPU
		{759F5C91-E7B0-458E-9001-934D6A65BE67}.Release|x64.ActiveCfg = Release|Any CPU
		{759F5C91-E7B0-458E-9001-934D6A65BE67}.Release|x64.Build.0 = Release|Any CPU
		{759F5C91-E7B0-458E-9001-934D6A65BE67}.Release|x86.ActiveCfg = Release|Any CPU
		{759F5C91-E7B0-458E-9001-934D6A65BE67}.Release|x86.Build.0 = Release|Any CPU
		{24567BA1-0975-4587-8E8A-27173E436878}.Debug|Any CPU.ActiveCfg = Debug|Any CPU
		{24567BA1-0975-4587-8E8A-27173E436878}.Debug|Any CPU.Build.0 = Debug|Any CPU
		{24567BA1-0975-4587-8E8A-27173E436878}.Debug|x64.ActiveCfg = Debug|Any CPU
		{24567BA1-0975-4587-8E8A-27173E436878}.Debug|x64.Build.0 = Debug|Any CPU
		{24567BA1-0975-4587-8E8A-27173E436878}.Debug|x86.ActiveCfg = Debug|Any CPU
		{24567BA1-0975-4587-8E8A-27173E436878}.Debug|x86.Build.0 = Debug|Any CPU
		{24567BA1-0975-4587-8E8A-27173E436878}.Release|Any CPU.ActiveCfg = Release|Any CPU
		{24567BA1-0975-4587-8E8A-27173E436878}.Release|Any CPU.Build.0 = Release|Any CPU
		{24567BA1-0975-4587-8E8A-27173E436878}.Release|x64.ActiveCfg = Release|Any CPU
		{24567BA1-0975-4587-8E8A-27173E436878}.Release|x64.Build.0 = Release|Any CPU
		{24567BA1-0975-4587-8E8A-27173E436878}.Release|x86.ActiveCfg = Release|Any CPU
		{24567BA1-0975-4587-8E8A-27173E436878}.Release|x86.Build.0 = Release|Any CPU
		{DD92E7FF-0378-4934-B4EF-8E57FFE442E0}.Debug|Any CPU.ActiveCfg = Debug|Any CPU
		{DD92E7FF-0378-4934-B4EF-8E57FFE442E0}.Debug|Any CPU.Build.0 = Debug|Any CPU
		{DD92E7FF-0378-4934-B4EF-8E57FFE442E0}.Debug|x64.ActiveCfg = Debug|Any CPU
		{DD92E7FF-0378-4934-B4EF-8E57FFE442E0}.Debug|x64.Build.0 = Debug|Any CPU
		{DD92E7FF-0378-4934-B4EF-8E57FFE442E0}.Debug|x86.ActiveCfg = Debug|Any CPU
		{DD92E7FF-0378-4934-B4EF-8E57FFE442E0}.Debug|x86.Build.0 = Debug|Any CPU
		{DD92E7FF-0378-4934-B4EF-8E57FFE442E0}.Release|Any CPU.ActiveCfg = Release|Any CPU
		{DD92E7FF-0378-4934-B4EF-8E57FFE442E0}.Release|Any CPU.Build.0 = Release|Any CPU
		{DD92E7FF-0378-4934-B4EF-8E57FFE442E0}.Release|x64.ActiveCfg = Release|Any CPU
		{DD92E7FF-0378-4934-B4EF-8E57FFE442E0}.Release|x64.Build.0 = Release|Any CPU
		{DD92E7FF-0378-4934-B4EF-8E57FFE442E0}.Release|x86.ActiveCfg = Release|Any CPU
		{DD92E7FF-0378-4934-B4EF-8E57FFE442E0}.Release|x86.Build.0 = Release|Any CPU
		{D390A715-68BE-4FDA-BD54-82A93263BE51}.Debug|Any CPU.ActiveCfg = Debug|Any CPU
		{D390A715-68BE-4FDA-BD54-82A93263BE51}.Debug|Any CPU.Build.0 = Debug|Any CPU
		{D390A715-68BE-4FDA-BD54-82A93263BE51}.Debug|x64.ActiveCfg = Debug|Any CPU
		{D390A715-68BE-4FDA-BD54-82A93263BE51}.Debug|x64.Build.0 = Debug|Any CPU
		{D390A715-68BE-4FDA-BD54-82A93263BE51}.Debug|x86.ActiveCfg = Debug|Any CPU
		{D390A715-68BE-4FDA-BD54-82A93263BE51}.Debug|x86.Build.0 = Debug|Any CPU
		{D390A715-68BE-4FDA-BD54-82A93263BE51}.Release|Any CPU.ActiveCfg = Release|Any CPU
		{D390A715-68BE-4FDA-BD54-82A93263BE51}.Release|Any CPU.Build.0 = Release|Any CPU
		{D390A715-68BE-4FDA-BD54-82A93263BE51}.Release|x64.ActiveCfg = Release|Any CPU
		{D390A715-68BE-4FDA-BD54-82A93263BE51}.Release|x64.Build.0 = Release|Any CPU
		{D390A715-68BE-4FDA-BD54-82A93263BE51}.Release|x86.ActiveCfg = Release|Any CPU
		{D390A715-68BE-4FDA-BD54-82A93263BE51}.Release|x86.Build.0 = Release|Any CPU
		{8F35D5D5-0D48-485B-BBFB-1FE45563C5CD}.Debug|Any CPU.ActiveCfg = Debug|Any CPU
		{8F35D5D5-0D48-485B-BBFB-1FE45563C5CD}.Debug|Any CPU.Build.0 = Debug|Any CPU
		{8F35D5D5-0D48-485B-BBFB-1FE45563C5CD}.Debug|x64.ActiveCfg = Debug|Any CPU
		{8F35D5D5-0D48-485B-BBFB-1FE45563C5CD}.Debug|x64.Build.0 = Debug|Any CPU
		{8F35D5D5-0D48-485B-BBFB-1FE45563C5CD}.Debug|x86.ActiveCfg = Debug|Any CPU
		{8F35D5D5-0D48-485B-BBFB-1FE45563C5CD}.Debug|x86.Build.0 = Debug|Any CPU
		{8F35D5D5-0D48-485B-BBFB-1FE45563C5CD}.Release|Any CPU.ActiveCfg = Release|Any CPU
		{8F35D5D5-0D48-485B-BBFB-1FE45563C5CD}.Release|Any CPU.Build.0 = Release|Any CPU
		{8F35D5D5-0D48-485B-BBFB-1FE45563C5CD}.Release|x64.ActiveCfg = Release|Any CPU
		{8F35D5D5-0D48-485B-BBFB-1FE45563C5CD}.Release|x64.Build.0 = Release|Any CPU
		{8F35D5D5-0D48-485B-BBFB-1FE45563C5CD}.Release|x86.ActiveCfg = Release|Any CPU
		{8F35D5D5-0D48-485B-BBFB-1FE45563C5CD}.Release|x86.Build.0 = Release|Any CPU
		{19E44A4B-BE21-48C6-8581-CB3E469540B8}.Debug|Any CPU.ActiveCfg = Debug|Any CPU
		{19E44A4B-BE21-48C6-8581-CB3E469540B8}.Debug|Any CPU.Build.0 = Debug|Any CPU
		{19E44A4B-BE21-48C6-8581-CB3E469540B8}.Debug|x64.ActiveCfg = Debug|Any CPU
		{19E44A4B-BE21-48C6-8581-CB3E469540B8}.Debug|x64.Build.0 = Debug|Any CPU
		{19E44A4B-BE21-48C6-8581-CB3E469540B8}.Debug|x86.ActiveCfg = Debug|Any CPU
		{19E44A4B-BE21-48C6-8581-CB3E469540B8}.Debug|x86.Build.0 = Debug|Any CPU
		{19E44A4B-BE21-48C6-8581-CB3E469540B8}.Release|Any CPU.ActiveCfg = Release|Any CPU
		{19E44A4B-BE21-48C6-8581-CB3E469540B8}.Release|Any CPU.Build.0 = Release|Any CPU
		{19E44A4B-BE21-48C6-8581-CB3E469540B8}.Release|x64.ActiveCfg = Release|Any CPU
		{19E44A4B-BE21-48C6-8581-CB3E469540B8}.Release|x64.Build.0 = Release|Any CPU
		{19E44A4B-BE21-48C6-8581-CB3E469540B8}.Release|x86.ActiveCfg = Release|Any CPU
		{19E44A4B-BE21-48C6-8581-CB3E469540B8}.Release|x86.Build.0 = Release|Any CPU
		{DEC49F67-3A94-4401-BB91-A3E77AE7EE56}.Debug|Any CPU.ActiveCfg = Debug|Any CPU
		{DEC49F67-3A94-4401-BB91-A3E77AE7EE56}.Debug|Any CPU.Build.0 = Debug|Any CPU
		{DEC49F67-3A94-4401-BB91-A3E77AE7EE56}.Debug|x64.ActiveCfg = Debug|Any CPU
		{DEC49F67-3A94-4401-BB91-A3E77AE7EE56}.Debug|x64.Build.0 = Debug|Any CPU
		{DEC49F67-3A94-4401-BB91-A3E77AE7EE56}.Debug|x86.ActiveCfg = Debug|Any CPU
		{DEC49F67-3A94-4401-BB91-A3E77AE7EE56}.Debug|x86.Build.0 = Debug|Any CPU
		{DEC49F67-3A94-4401-BB91-A3E77AE7EE56}.Release|Any CPU.ActiveCfg = Release|Any CPU
		{DEC49F67-3A94-4401-BB91-A3E77AE7EE56}.Release|Any CPU.Build.0 = Release|Any CPU
		{DEC49F67-3A94-4401-BB91-A3E77AE7EE56}.Release|x64.ActiveCfg = Release|Any CPU
		{DEC49F67-3A94-4401-BB91-A3E77AE7EE56}.Release|x64.Build.0 = Release|Any CPU
		{DEC49F67-3A94-4401-BB91-A3E77AE7EE56}.Release|x86.ActiveCfg = Release|Any CPU
		{DEC49F67-3A94-4401-BB91-A3E77AE7EE56}.Release|x86.Build.0 = Release|Any CPU
	EndGlobalSection
	GlobalSection(SolutionProperties) = preSolution
		HideSolutionNode = FALSE
	EndGlobalSection
	GlobalSection(NestedProjects) = preSolution
		{759F5C91-E7B0-458E-9001-934D6A65BE67} = {7226ABEA-787E-1D09-10EA-A2ECF996D6A6}
		{CEAC0979-DAB2-0E19-81EF-22AE32770578} = {CA253913-39DE-BFD0-C9A3-4B7EC6FBDF17}
		{24567BA1-0975-4587-8E8A-27173E436878} = {CEAC0979-DAB2-0E19-81EF-22AE32770578}
		{DD92E7FF-0378-4934-B4EF-8E57FFE442E0} = {CEAC0979-DAB2-0E19-81EF-22AE32770578}
		{D390A715-68BE-4FDA-BD54-82A93263BE51} = {CEAC0979-DAB2-0E19-81EF-22AE32770578}
		{8F35D5D5-0D48-485B-BBFB-1FE45563C5CD} = {CEAC0979-DAB2-0E19-81EF-22AE32770578}
		{19E44A4B-BE21-48C6-8581-CB3E469540B8} = {4F52FD11-658E-A102-6CD3-7D7C16FFA15B}
		{DEC49F67-3A94-4401-BB91-A3E77AE7EE56} = {4F52FD11-658E-A102-6CD3-7D7C16FFA15B}
	EndGlobalSection
EndGlobal
